
Microsoft Visual Studio Solution File, Format Version 12.00
# Visual Studio Version 16
VisualStudioVersion = 16.0.34114.132
MinimumVisualStudioVersion = 10.0.40219.1
Project("{8BC9CEB8-8B4A-11D0-8D11-00A0C91BC942}") = "Chuong4", "Chuong4\Chuong4.vcxproj", "{697AFC2B-EA71-4A7D-ADC6-3E4BB9D9D631}"
EndProject
Global
	GlobalSection(SolutionConfigurationPlatforms) = preSolution
		Debug|x64 = Debug|x64
		Debug|x86 = Debug|x86
		Release|x64 = Release|x64
		Release|x86 = Release|x86
	EndGlobalSection
	GlobalSection(ProjectConfigurationPlatforms) = postSolution
		{697AFC2B-EA71-4A7D-ADC6-3E4BB9D9D631}.Debug|x64.ActiveCfg = Debug|x64
		{697AFC2B-EA71-4A7D-ADC6-3E4BB9D9D631}.Debug|x64.Build.0 = Debug|x64
		{697AFC2B-EA71-4A7D-ADC6-3E4BB9D9D631}.Debug|x86.ActiveCfg = Debug|Win32
		{697AFC2B-EA71-4A7D-ADC6-3E4BB9D9D631}.Debug|x86.Build.0 = Debug|Win32
		{697AFC2B-EA71-4A7D-ADC6-3E4BB9D9D631}.Release|x64.ActiveCfg = Release|x64
		{697AFC2B-EA71-4A7D-ADC6-3E4BB9D9D631}.Release|x64.Build.0 = Release|x64
		{697AFC2B-EA71-4A7D-ADC6-3E4BB9D9D631}.Release|x86.ActiveCfg = Release|Win32
		{697AFC2B-EA71-4A7D-ADC6-3E4BB9D9D631}.Release|x86.Build.0 = Release|Win32
	EndGlobalSection
	GlobalSection(SolutionProperties) = preSolution
		HideSolutionNode = FALSE
	EndGlobalSection
	GlobalSection(ExtensibilityGlobals) = postSolution
		SolutionGuid = {9D9D9584-2E3B-4464-930A-05299F36023A}
	EndGlobalSection
EndGlobal
